{
    "_meta": {
        "hash": {
            "sha256": "7c2b3464a198c776278cf4680ce980d6aed9e39767b8df7bd3ca59c6ee373f70"
        },
        "pipfile-spec": 6,
        "requires": {
            "python_version": "3.8"
        },
        "sources": [
            {
                "name": "pypi",
                "url": "https://pypi.python.org/simple",
                "verify_ssl": true
            }
        ]
    },
    "default": {
        "hexdump": {
            "hashes": [
                "sha256:d781a43b0c16ace3f9366aade73e8ad3a7bd5137d58f0b45ab2d3f54876f20db"
            ],
            "index": "pypi",
            "version": "==3.3"
        },
        "pyserial": {
            "hashes": [
                "sha256:6e2d401fdee0eab996cf734e67773a0143b932772ca8b42451440cfed942c627",
                "sha256:e0770fadba80c31013896c7e6ef703f72e7834965954a78e71a3049488d4d7d8"
            ],
            "index": "pypi",
            "version": "==3.4"
        }
    },
    "develop": {}
}
